
Microsoft Visual Studio Solution File, Format Version 12.00
# Visual Studio Version 16
VisualStudioVersion = 16.0.30804.86
MinimumVisualStudioVersion = 10.0.40219.1
Project("{9A19103F-16F7-4668-BE54-9A1E7A4F7556}") = "HideAndSeek", "HideAndSeek\HideAndSeek.csproj", "{A8B8D030-78B5-4C1B-96B3-C2A4D9CA20FD}"
EndProject
Project("{9A19103F-16F7-4668-BE54-9A1E7A4F7556}") = "Basics", "Basics\Basics.csproj", "{6FC81192-6551-490D-BAC6-5DFEB1069B67}"
EndProject
Global
	GlobalSection(SolutionConfigurationPlatforms) = preSolution
		Debug|Any CPU = Debug|Any CPU
		Release|Any CPU = Release|Any CPU
	EndGlobalSection
	GlobalSection(ProjectConfigurationPlatforms) = postSolution
		{A8B8D030-78B5-4C1B-96B3-C2A4D9CA20FD}.Debug|Any CPU.ActiveCfg = Debug|Any CPU
		{A8B8D030-78B5-4C1B-96B3-C2A4D9CA20FD}.Debug|Any CPU.Build.0 = Debug|Any CPU
		{A8B8D030-78B5-4C1B-96B3-C2A4D9CA20FD}.Release|Any CPU.ActiveCfg = Release|Any CPU
		{A8B8D030-78B5-4C1B-96B3-C2A4D9CA20FD}.Release|Any CPU.Build.0 = Release|Any CPU
		{6FC81192-6551-490D-BAC6-5DFEB1069B67}.Debug|Any CPU.ActiveCfg = Debug|Any CPU
		{6FC81192-6551-490D-BAC6-5DFEB1069B67}.Debug|Any CPU.Build.0 = Debug|Any CPU
		{6FC81192-6551-490D-BAC6-5DFEB1069B67}.Release|Any CPU.ActiveCfg = Release|Any CPU
		{6FC81192-6551-490D-BAC6-5DFEB1069B67}.Release|Any CPU.Build.0 = Release|Any CPU
	EndGlobalSection
	GlobalSection(SolutionProperties) = preSolution
		HideSolutionNode = FALSE
	EndGlobalSection
	GlobalSection(ExtensibilityGlobals) = postSolution
		SolutionGuid = {7B84E3E1-2F44-4522-8EFE-DB5F32F381A1}
	EndGlobalSection
EndGlobal
